// !$*UTF8*$!
{
	archiveVersion = 1;
	classes = {
	};
	objectVersion = 56;
	objects = {

/* Begin PBXBuildFile section */
		477957B42B2304CC0085743C /* nssl4.jpeg in Resources */ = {isa = PBXBuildFile; fileRef = 477957B02B2304CC0085743C /* nssl4.jpeg */; };
		477957B52B2304CC0085743C /* nssl3.jpeg in Resources */ = {isa = PBXBuildFile; fileRef = 477957B12B2304CC0085743C /* nssl3.jpeg */; };
		477957B62B2304CC0085743C /* nssl2.jpeg in Resources */ = {isa = PBXBuildFile; fileRef = 477957B22B2304CC0085743C /* nssl2.jpeg */; };
		477957B72B2304CC0085743C /* nssl1.jpeg in Resources */ = {isa = PBXBuildFile; fileRef = 477957B32B2304CC0085743C /* nssl1.jpeg */; };
		477989E42B236FCC00F160BB /* DetailViewController.swift in Sources */ = {isa = PBXBuildFile; fileRef = 477989E32B236FCC00F160BB /* DetailViewController.swift */; };
		479EF8402B1E701000DEC99D /* AppDelegate.swift in Sources */ = {isa = PBXBuildFile; fileRef = 479EF83F2B1E701000DEC99D /* AppDelegate.swift */; };
		479EF8422B1E701000DEC99D /* SceneDelegate.swift in Sources */ = {isa = PBXBuildFile; fileRef = 479EF8412B1E701000DEC99D /* SceneDelegate.swift */; };
		479EF8442B1E701000DEC99D /* ViewController.swift in Sources */ = {isa = PBXBuildFile; fileRef = 479EF8432B1E701000DEC99D /* ViewController.swift */; };
		479EF8472B1E701000DEC99D /* Main.storyboard in Resources */ = {isa = PBXBuildFile; fileRef = 479EF8452B1E701000DEC99D /* Main.storyboard */; };
		479EF8492B1E701300DEC99D /* Assets.xcassets in Resources */ = {isa = PBXBuildFile; fileRef = 479EF8482B1E701300DEC99D /* Assets.xcassets */; };
		479EF84C2B1E701300DEC99D /* LaunchScreen.storyboard in Resources */ = {isa = PBXBuildFile; fileRef = 479EF84A2B1E701300DEC99D /* LaunchScreen.storyboard */; };
/* End PBXBuildFile section */

/* Begin PBXFileReference section */
		477957B02B2304CC0085743C /* nssl4.jpeg */ = {isa = PBXFileReference; lastKnownFileType = image.jpeg; path = nssl4.jpeg; sourceTree = "<group>"; };
		477957B12B2304CC0085743C /* nssl3.jpeg */ = {isa = PBXFileReference; lastKnownFileType = image.jpeg; path = nssl3.jpeg; sourceTree = "<group>"; };
		477957B22B2304CC0085743C /* nssl2.jpeg */ = {isa = PBXFileReference; lastKnownFileType = image.jpeg; path = nssl2.jpeg; sourceTree = "<group>"; };
		477957B32B2304CC0085743C /* nssl1.jpeg */ = {isa = PBXFileReference; lastKnownFileType = image.jpeg; path = nssl1.jpeg; sourceTree = "<group>"; };
		477989E32B236FCC00F160BB /* DetailViewController.swift */ = {isa = PBXFileReference; lastKnownFileType = sourcecode.swift; path = DetailViewController.swift; sourceTree = "<group>"; };
		479EF83C2B1E701000DEC99D /* first_project.app */ = {isa = PBXFileReference; explicitFileType = wrapper.application; includeInIndex = 0; path = first_project.app; sourceTree = BUILT_PRODUCTS_DIR; };
		479EF83F2B1E701000DEC99D /* AppDelegate.swift */ = {isa = PBXFileReference; lastKnownFileType = sourcecode.swift; path = AppDelegate.swift; sourceTree = "<group>"; };
		479EF8412B1E701000DEC99D /* SceneDelegate.swift */ = {isa = PBXFileReference; lastKnownFileType = sourcecode.swift; path = SceneDelegate.swift; sourceTree = "<group>"; };
		479EF8432B1E701000DEC99D /* ViewController.swift */ = {isa = PBXFileReference; lastKnownFileType = sourcecode.swift; path = ViewController.swift; sourceTree = "<group>"; };
		479EF8462B1E701000DEC99D /* Base */ = {isa = PBXFileReference; lastKnownFileType = file.storyboard; name = Base; path = Base.lproj/Main.storyboard; sourceTree = "<group>"; };
		479EF8482B1E701300DEC99D /* Assets.xcassets */ = {isa = PBXFileReference; lastKnownFileType = folder.assetcatalog; path = Assets.xcassets; sourceTree = "<group>"; };
		479EF84B2B1E701300DEC99D /* Base */ = {isa = PBXFileReference; lastKnownFileType = file.storyboard; name = Base; path = Base.lproj/LaunchScreen.storyboard; sourceTree = "<group>"; };
		479EF84D2B1E701300DEC99D /* Info.plist */ = {isa = PBXFileReference; lastKnownFileType = text.plist.xml; path = Info.plist; sourceTree = "<group>"; };
/* End PBXFileReference section */

/* Begin PBXFrameworksBuildPhase section */
		479EF8392B1E701000DEC99D /* Frameworks */ = {
			isa = PBXFrameworksBuildPhase;
			buildActionMask = 2147483647;
			files = (
			);
			runOnlyForDeploymentPostprocessing = 0;
		};
/* End PBXFrameworksBuildPhase section */

/* Begin PBXGroup section */
		477957AF2B2304CC0085743C /* Content */ = {
			isa = PBXGroup;
			children = (
				477957B02B2304CC0085743C /* nssl4.jpeg */,
				477957B12B2304CC0085743C /* nssl3.jpeg */,
				477957B22B2304CC0085743C /* nssl2.jpeg */,
				477957B32B2304CC0085743C /* nssl1.jpeg */,
			);
			path = Content;
			sourceTree = "<group>";
		};
		479EF8332B1E701000DEC99D = {
			isa = PBXGroup;
			children = (
				479EF83E2B1E701000DEC99D /* first_project */,
				479EF83D2B1E701000DEC99D /* Products */,
			);
			sourceTree = "<group>";
		};
		479EF83D2B1E701000DEC99D /* Products */ = {
			isa = PBXGroup;
			children = (
				479EF83C2B1E701000DEC99D /* first_project.app */,
			);
			name = Products;
			sourceTree = "<group>";
		};
		479EF83E2B1E701000DEC99D /* first_project */ = {
			isa = PBXGroup;
			children = (
				479EF83F2B1E701000DEC99D /* AppDelegate.swift */,
				479EF8412B1E701000DEC99D /* SceneDelegate.swift */,
				479EF8432B1E701000DEC99D /* ViewController.swift */,
				477989E32B236FCC00F160BB /* DetailViewController.swift */,
				479EF8452B1E701000DEC99D /* Main.storyboard */,
				479EF8482B1E701300DEC99D /* Assets.xcassets */,
				479EF84A2B1E701300DEC99D /* LaunchScreen.storyboard */,
				477957AF2B2304CC0085743C /* Content */,
				479EF84D2B1E701300DEC99D /* Info.plist */,
			);
			path = first_project;
			sourceTree = "<group>";
		};
/* End PBXGroup section */

/* Begin PBXNativeTarget section */
		479EF83B2B1E701000DEC99D /* first_project */ = {
			isa = PBXNativeTarget;
			buildConfigurationList = 479EF8502B1E701300DEC99D /* Build configuration list for PBXNativeTarget "first_project" */;
			buildPhases = (
				479EF8382B1E701000DEC99D /* Sources */,
				479EF8392B1E701000DEC99D /* Frameworks */,
				479EF83A2B1E701000DEC99D /* Resources */,
			);
			buildRules = (
			);
			dependencies = (
			);
			name = first_project;
			productName = first_project;
			productReference = 479EF83C2B1E701000DEC99D /* first_project.app */;
			productType = "com.apple.product-type.application";
		};
/* End PBXNativeTarget section */

/* Begin PBXProject section */
		479EF8342B1E701000DEC99D /* Project object */ = {
			isa = PBXProject;
			attributes = {
				BuildIndependentTargetsInParallel = 1;
				LastSwiftUpdateCheck = 1400;
				LastUpgradeCheck = 1400;
				TargetAttributes = {
					479EF83B2B1E701000DEC99D = {
						CreatedOnToolsVersion = 14.0;
					};
				};
			};
			buildConfigurationList = 479EF8372B1E701000DEC99D /* Build configuration list for PBXProject "first_project" */;
			compatibilityVersion = "Xcode 14.0";
			developmentRegion = en;
			hasScannedForEncodings = 0;
			knownRegions = (
				en,
				Base,
			);
			mainGroup = 479EF8332B1E701000DEC99D;
			productRefGroup = 479EF83D2B1E701000DEC99D /* Products */;
			projectDirPath = "";
			projectRoot = "";
			targets = (
				479EF83B2B1E701000DEC99D /* first_project */,
			);
		};
/* End PBXProject section */

/* Begin PBXResourcesBuildPhase section */
		479EF83A2B1E701000DEC99D /* Resources */ = {
			isa = PBXResourcesBuildPhase;
			buildActionMask = 2147483647;
			files = (
				477957B72B2304CC0085743C /* nssl1.jpeg in Resources */,
				479EF84C2B1E701300DEC99D /* LaunchScreen.storyboard in Resources */,
				477957B52B2304CC0085743C /* nssl3.jpeg in Resources */,
				479EF8492B1E701300DEC99D /* Assets.xcassets in Resources */,
				477957B42B2304CC0085743C /* nssl4.jpeg in Resources */,
				477957B62B2304CC0085743C /* nssl2.jpeg in Resources */,
				479EF8472B1E701000DEC99D /* Main.storyboard in Resources */,
			);
			runOnlyForDeploymentPostprocessing = 0;
		};
/* End PBXResourcesBuildPhase section */

/* Begin PBXSourcesBuildPhase section */
		479EF8382B1E701000DEC99D /* Sources */ = {
			isa = PBXSourcesBuildPhase;
			buildActionMask = 2147483647;
			files = (
				479EF8442B1E701000DEC99D /* ViewController.swift in Sources */,
				479EF8402B1E701000DEC99D /* AppDelegate.swift in Sources */,
				479EF8422B1E701000DEC99D /* SceneDelegate.swift in Sources */,
				477989E42B236FCC00F160BB /* DetailViewController.swift in Sources */,
			);
			runOnlyForDeploymentPostprocessing = 0;
		};
/* End PBXSourcesBuildPhase section */

/* Begin PBXVariantGroup section */
		479EF8452B1E701000DEC99D /* Main.storyboard */ = {
			isa = PBXVariantGroup;
			children = (
				479EF8462B1E701000DEC99D /* Base */,
			);
			name = Main.storyboard;
			sourceTree = "<group>";
		};
		479EF84A2B1E701300DEC99D /* LaunchScreen.storyboard */ = {
			isa = PBXVariantGroup;
			children = (
				479EF84B2B1E701300DEC99D /* Base */,
			);
			name = LaunchScreen.storyboard;
			sourceTree = "<group>";
		};
/* End PBXVariantGroup section */

/* Begin XCBuildConfiguration section */
		479EF84E2B1E701300DEC99D /* Debug */ = {
			isa = XCBuildConfiguration;
			buildSettings = {
				ALWAYS_SEARCH_USER_PATHS = NO;
				CLANG_ANALYZER_NONNULL = YES;
				CLANG_ANALYZER_NUMBER_OBJECT_CONVERSION = YES_AGGRESSIVE;
				CLANG_CXX_LANGUAGE_STANDARD = "gnu++20";
				CLANG_ENABLE_MODULES = YES;
				CLANG_ENABLE_OBJC_ARC = YES;
				CLANG_ENABLE_OBJC_WEAK = YES;
				CLANG_WARN_BLOCK_CAPTURE_AUTORELEASING = YES;
				CLANG_WARN_BOOL_CONVERSION = YES;
				CLANG_WARN_COMMA = YES;
				CLANG_WARN_CONSTANT_CONVERSION = YES;
				CLANG_WARN_DEPRECATED_OBJC_IMPLEMENTATIONS = YES;
				CLANG_WARN_DIRECT_OBJC_ISA_USAGE = YES_ERROR;
				CLANG_WARN_DOCUMENTATION_COMMENTS = YES;
				CLANG_WARN_EMPTY_BODY = YES;
				CLANG_WARN_ENUM_CONVERSION = YES;
				CLANG_WARN_INFINITE_RECURSION = YES;
				CLANG_WARN_INT_CONVERSION = YES;
				CLANG_WARN_NON_LITERAL_NULL_CONVERSION = YES;
				CLANG_WARN_OBJC_IMPLICIT_RETAIN_SELF = YES;
				CLANG_WARN_OBJC_LITERAL_CONVERSION = YES;
				CLANG_WARN_OBJC_ROOT_CLASS = YES_ERROR;
				CLANG_WARN_QUOTED_INCLUDE_IN_FRAMEWORK_HEADER = YES;
				CLANG_WARN_RANGE_LOOP_ANALYSIS = YES;
				CLANG_WARN_STRICT_PROTOTYPES = YES;
				CLANG_WARN_SUSPICIOUS_MOVE = YES;
				CLANG_WARN_UNGUARDED_AVAILABILITY = YES_AGGRESSIVE;
				CLANG_WARN_UNREACHABLE_CODE = YES;
				CLANG_WARN__DUPLICATE_METHOD_MATCH = YES;
				COPY_PHASE_STRIP = NO;
				DEBUG_INFORMATION_FORMAT = dwarf;
				ENABLE_STRICT_OBJC_MSGSEND = YES;
				ENABLE_TESTABILITY = YES;
				GCC_C_LANGUAGE_STANDARD = gnu11;
				GCC_DYNAMIC_NO_PIC = NO;
				GCC_NO_COMMON_BLOCKS = YES;
				GCC_OPTIMIZATION_LEVEL = 0;
				GCC_PREPROCESSOR_DEFINITIONS = (
					"DEBUG=1",
					"$(inherited)",
				);
				GCC_WARN_64_TO_32_BIT_CONVERSION = YES;
				GCC_WARN_ABOUT_RETURN_TYPE = YES_ERROR;
				GCC_WARN_UNDECLARED_SELECTOR = YES;
				GCC_WARN_UNINITIALIZED_AUTOS = YES_AGGRESSIVE;
				GCC_WARN_UNUSED_FUNCTION = YES;
				GCC_WARN_UNUSED_VARIABLE = YES;
				IPHONEOS_DEPLOYMENT_TARGET = 16.0;
				MTL_ENABLE_DEBUG_INFO = INCLUDE_SOURCE;
				MTL_FAST_MATH = YES;
				ONLY_ACTIVE_ARCH = YES;
				SDKROOT = iphoneos;
				SWIFT_ACTIVE_COMPILATION_CONDITIONS = DEBUG;
				SWIFT_OPTIMIZATION_LEVEL = "-Onone";
			};
			name = Debug;
		};
		479EF84F2B1E701300DEC99D /* Release */ = {
			isa = XCBuildConfiguration;
			buildSettings = {
				ALWAYS_SEARCH_USER_PATHS = NO;
				CLANG_ANALYZER_NONNULL = YES;
				CLANG_ANALYZER_NUMBER_OBJECT_CONVERSION = YES_AGGRESSIVE;
				CLANG_CXX_LANGUAGE_STANDARD = "gnu++20";
				CLANG_ENABLE_MODULES = YES;
				CLANG_ENABLE_OBJC_ARC = YES;
				CLANG_ENABLE_OBJC_WEAK = YES;
				CLANG_WARN_BLOCK_CAPTURE_AUTORELEASING = YES;
				CLANG_WARN_BOOL_CONVERSION = YES;
				CLANG_WARN_COMMA = YES;
				CLANG_WARN_CONSTANT_CONVERSION = YES;
				CLANG_WARN_DEPRECATED_OBJC_IMPLEMENTATIONS = YES;
				CLANG_WARN_DIRECT_OBJC_ISA_USAGE = YES_ERROR;
				CLANG_WARN_DOCUMENTATION_COMMENTS = YES;
				CLANG_WARN_EMPTY_BODY = YES;
				CLANG_WARN_ENUM_CONVERSION = YES;
				CLANG_WARN_INFINITE_RECURSION = YES;
				CLANG_WARN_INT_CONVERSION = YES;
				CLANG_WARN_NON_LITERAL_NULL_CONVERSION = YES;
				CLANG_WARN_OBJC_IMPLICIT_RETAIN_SELF = YES;
				CLANG_WARN_OBJC_LITERAL_CONVERSION = YES;
				CLANG_WARN_OBJC_ROOT_CLASS = YES_ERROR;
				CLANG_WARN_QUOTED_INCLUDE_IN_FRAMEWORK_HEADER = YES;
				CLANG_WARN_RANGE_LOOP_ANALYSIS = YES;
				CLANG_WARN_STRICT_PROTOTYPES = YES;
				CLANG_WARN_SUSPICIOUS_MOVE = YES;
				CLANG_WARN_UNGUARDED_AVAILABILITY = YES_AGGRESSIVE;
				CLANG_WARN_UNREACHABLE_CODE = YES;
				CLANG_WARN__DUPLICATE_METHOD_MATCH = YES;
				COPY_PHASE_STRIP = NO;
				DEBUG_INFORMATION_FORMAT = "dwarf-with-dsym";
				ENABLE_NS_ASSERTIONS = NO;
				ENABLE_STRICT_OBJC_MSGSEND = YES;
				GCC_C_LANGUAGE_STANDARD = gnu11;
				GCC_NO_COMMON_BLOCKS = YES;
				GCC_WARN_64_TO_32_BIT_CONVERSION = YES;
				GCC_WARN_ABOUT_RETURN_TYPE = YES_ERROR;
				GCC_WARN_UNDECLARED_SELECTOR = YES;
				GCC_WARN_UNINITIALIZED_AUTOS = YES_AGGRESSIVE;
				GCC_WARN_UNUSED_FUNCTION = YES;
				GCC_WARN_UNUSED_VARIABLE = YES;
				IPHONEOS_DEPLOYMENT_TARGET = 16.0;
				MTL_ENABLE_DEBUG_INFO = NO;
				MTL_FAST_MATH = YES;
				SDKROOT = iphoneos;
				SWIFT_COMPILATION_MODE = wholemodule;
				SWIFT_OPTIMIZATION_LEVEL = "-O";
				VALIDATE_PRODUCT = YES;
			};
			name = Release;
		};
		479EF8512B1E701300DEC99D /* Debug */ = {
			isa = XCBuildConfiguration;
			buildSettings = {
				ASSETCATALOG_COMPILER_APPICON_NAME = AppIcon;
				ASSETCATALOG_COMPILER_GLOBAL_ACCENT_COLOR_NAME = AccentColor;
				CODE_SIGN_STYLE = Automatic;
				CURRENT_PROJECT_VERSION = 1;
				GENERATE_INFOPLIST_FILE = YES;
				INFOPLIST_FILE = first_project/Info.plist;
				INFOPLIST_KEY_UIApplicationSupportsIndirectInputEvents = YES;
				INFOPLIST_KEY_UILaunchStoryboardName = Main.storyboard;
				INFOPLIST_KEY_UIMainStoryboardFile = Main;
				INFOPLIST_KEY_UIStatusBarStyle = "";
				INFOPLIST_KEY_UISupportedInterfaceOrientations_iPad = "UIInterfaceOrientationPortrait UIInterfaceOrientationPortraitUpsideDown UIInterfaceOrientationLandscapeLeft UIInterfaceOrientationLandscapeRight";
				INFOPLIST_KEY_UISupportedInterfaceOrientations_iPhone = "UIInterfaceOrientationPortrait UIInterfaceOrientationLandscapeLeft UIInterfaceOrientationLandscapeRight";
				LD_RUNPATH_SEARCH_PATHS = (
					"$(inherited)",
					"@executable_path/Frameworks",
				);
				MARKETING_VERSION = 1.0;
				PRODUCT_BUNDLE_IDENTIFIER = "alim.first-project";
				PRODUCT_NAME = "$(TARGET_NAME)";
				SWIFT_EMIT_LOC_STRINGS = YES;
				SWIFT_VERSION = 5.0;
				TARGETED_DEVICE_FAMILY = "1,2";
			};
			name = Debug;
		};
		479EF8522B1E701300DEC99D /* Release */ = {
			isa = XCBuildConfiguration;
			buildSettings = {
				ASSETCATALOG_COMPILER_APPICON_NAME = AppIcon;
				ASSETCATALOG_COMPILER_GLOBAL_ACCENT_COLOR_NAME = AccentColor;
				CODE_SIGN_STYLE = Automatic;
				CURRENT_PROJECT_VERSION = 1;
				GENERATE_INFOPLIST_FILE = YES;
				INFOPLIST_FILE = first_project/Info.plist;
				INFOPLIST_KEY_UIApplicationSupportsIndirectInputEvents = YES;
				INFOPLIST_KEY_UILaunchStoryboardName = Main.storyboard;
				INFOPLIST_KEY_UIMainStoryboardFile = Main;
				INFOPLIST_KEY_UIStatusBarStyle = "";
				INFOPLIST_KEY_UISupportedInterfaceOrientations_iPad = "UIInterfaceOrientationPortrait UIInterfaceOrientationPortraitUpsideDown UIInterfaceOrientationLandscapeLeft UIInterfaceOrientationLandscapeRight";
				INFOPLIST_KEY_UISupportedInterfaceOrientations_iPhone = "UIInterfaceOrientationPortrait UIInterfaceOrientationLandscapeLeft UIInterfaceOrientationLandscapeRight";
				LD_RUNPATH_SEARCH_PATHS = (
					"$(inherited)",
					"@executable_path/Frameworks",
				);
				MARKETING_VERSION = 1.0;
				PRODUCT_BUNDLE_IDENTIFIER = "alim.first-project";
				PRODUCT_NAME = "$(TARGET_NAME)";
				SWIFT_EMIT_LOC_STRINGS = YES;
				SWIFT_VERSION = 5.0;
				TARGETED_DEVICE_FAMILY = "1,2";
			};
			name = Release;
		};
/* End XCBuildConfiguration section */

/* Begin XCConfigurationList section */
		479EF8372B1E701000DEC99D /* Build configuration list for PBXProject "first_project" */ = {
			isa = XCConfigurationList;
			buildConfigurations = (
				479EF84E2B1E701300DEC99D /* Debug */,
				479EF84F2B1E701300DEC99D /* Release */,
			);
			defaultConfigurationIsVisible = 0;
			defaultConfigurationName = Release;
		};
		479EF8502B1E701300DEC99D /* Build configuration list for PBXNativeTarget "first_project" */ = {
			isa = XCConfigurationList;
			buildConfigurations = (
				479EF8512B1E701300DEC99D /* Debug */,
				479EF8522B1E701300DEC99D /* Release */,
			);
			defaultConfigurationIsVisible = 0;
			defaultConfigurationName = Release;
		};
/* End XCConfigurationList section */
	};
	rootObject = 479EF8342B1E701000DEC99D /* Project object */;
}
